
Microsoft Visual Studio Solution File, Format Version 10.00
# Visual Studio 2008
Project("{8BC9CEB8-8B4A-11D0-8D11-00A0C91BC942}") = "rcs_test", "rcs_test\rcs_test.vcproj", "{CADB98D5-1057-4464-882D-D11E7C84E597}"
EndProject
Global
	GlobalSection(SolutionConfigurationPlatforms) = preSolution
		Debug|Win32 = Debug|Win32
		Release|Win32 = Release|Win32
	EndGlobalSection
	GlobalSection(ProjectConfigurationPlatforms) = postSolution
		{CADB98D5-1057-4464-882D-D11E7C84E597}.Debug|Win32.ActiveCfg = Debug|Win32
		{CADB98D5-1057-4464-882D-D11E7C84E597}.Debug|Win32.Build.0 = Debug|Win32
		{CADB98D5-1057-4464-882D-D11E7C84E597}.Release|Win32.ActiveCfg = Release|Win32
		{CADB98D5-1057-4464-882D-D11E7C84E597}.Release|Win32.Build.0 = Release|Win32
	EndGlobalSection
	GlobalSection(SolutionProperties) = preSolution
		HideSolutionNode = FALSE
	EndGlobalSection
EndGlobal
